# THIS IS AN AUTOGENERATED FILE. DO NOT EDIT THIS FILE DIRECTLY.
# yarn lockfile v1


ws@^7.5.2:
  version "7.5.2"
  resolved "https://registry.yarnpkg.com/ws/-/ws-7.5.2.tgz#09cc8fea3bec1bc5ed44ef51b42f945be36900f6"
  integrity sha512-lkF7AWRicoB9mAgjeKbGqVUekLnSNO4VjKVnuPHpQeOxZOErX6BPXwJk70nFslRCEEA8EVW7ZjKwXaP9N+1sKQ==
